{
    "version": 3,
    "terraform_version": "0.11.7",
    "serial": 249,
    "lineage": "0dbb1ee1-2caa-efb6-35a7-7d2a9fe141ee",
    "modules": [
        {
            "path": [
                "root"
            ],
            "outputs": {},
            "resources": {
                "aws_lambda_function.writetodynamodb2": {
                    "type": "aws_lambda_function",
                    "depends_on": [],
                    "primary": {
                        "id": "writetodynamodb2",
                        "attributes": {
                            "arn": "arn:aws:lambda:us-west-1:721804932440:function:writetodynamodb2",
                            "dead_letter_config.#": "0",
                            "description": "",
                            "environment.#": "0",
                            "filename": "../guestbook.zip",
                            "function_name": "writetodynamodb2",
                            "handler": "main.handler",
                            "id": "writetodynamodb2",
                            "invoke_arn": "arn:aws:apigateway:us-west-1:lambda:path/2015-03-31/functions/arn:aws:lambda:us-west-1:721804932440:function:writetodynamodb2/invocations",
                            "kms_key_arn": "",
                            "last_modified": "2018-05-20T02:35:53.219+0000",
                            "memory_size": "128",
                            "publish": "false",
                            "qualified_arn": "arn:aws:lambda:us-west-1:721804932440:function:writetodynamodb2:$LATEST",
                            "reserved_concurrent_executions": "0",
                            "role": "arn:aws:iam::721804932440:role/write-to-dynamodb_lambda_function",
                            "runtime": "nodejs8.10",
                            "source_code_hash": "ha+0aTmMOSrvwbhOCK3NIO6ui8wLl86BL3CcAY25FUI=",
                            "source_code_size": "13051",
                            "tags.%": "0",
                            "timeout": "3",
                            "tracing_config.#": "1",
                            "tracing_config.0.mode": "PassThrough",
                            "version": "$LATEST",
                            "vpc_config.#": "0"
                        },
                        "meta": {},
                        "tainted": false
                    },
                    "deposed": [],
                    "provider": "provider.aws"
                }
            },
            "depends_on": []
        }
    ]
}
